{
  "name": "learnapp",
  "lockfileVersion": 3,
  "requires": true,
  "packages": {
    "": {
      "dependencies": {
        "@fontsource/outfit": "^5.2.8"
      }
    },
    "node_modules/@fontsource/outfit": {
      "version": "5.2.8",
      "resolved": "https://registry.npmjs.org/@fontsource/outfit/-/outfit-5.2.8.tgz",
      "integrity": "sha512-rXC6g0MqD7cOBjht0bMqc43qM6lRqDLML9KXsmg9uykz0wLQhy8Z/ajrMG6iyoT3NJR+MYgU+OEHp7uHoTb+Yw==",
      "license": "OFL-1.1",
      "funding": {
        "url": "https://github.com/sponsors/ayuhito"
      }
    }
  }
}
